
Microsoft Visual Studio Solution File, Format Version 12.00
# Visual Studio 15
VisualStudioVersion = 15.0.28307.489
MinimumVisualStudioVersion = 10.0.40219.1
Project("{FAE04EC0-301F-11D3-BF4B-00C04F79EFBC}") = "Minecraft_bot_maybye", "Minecraft_bot_maybye\Minecraft_bot_maybye.csproj", "{4B3A7E97-1910-4441-8D5B-615DC8CB4B64}"
EndProject
Global
	GlobalSection(SolutionConfigurationPlatforms) = preSolution
		Debug|Any CPU = Debug|Any CPU
		Release|Any CPU = Release|Any CPU
	EndGlobalSection
	GlobalSection(ProjectConfigurationPlatforms) = postSolution
		{4B3A7E97-1910-4441-8D5B-615DC8CB4B64}.Debug|Any CPU.ActiveCfg = Debug|Any CPU
		{4B3A7E97-1910-4441-8D5B-615DC8CB4B64}.Debug|Any CPU.Build.0 = Debug|Any CPU
		{4B3A7E97-1910-4441-8D5B-615DC8CB4B64}.Release|Any CPU.ActiveCfg = Release|Any CPU
		{4B3A7E97-1910-4441-8D5B-615DC8CB4B64}.Release|Any CPU.Build.0 = Release|Any CPU
	EndGlobalSection
	GlobalSection(SolutionProperties) = preSolution
		HideSolutionNode = FALSE
	EndGlobalSection
	GlobalSection(ExtensibilityGlobals) = postSolution
		SolutionGuid = {2B910932-DB88-4B38-945F-637F33A831D9}
	EndGlobalSection
EndGlobal
